
Microsoft Visual Studio Solution File, Format Version 12.00
# Visual Studio Express 2012 for Windows Desktop
Project("{FAE04EC0-301F-11D3-BF4B-00C04F79EFBC}") = "MSMQInput", "MSMQInput\MSMQInput.csproj", "{0E23E081-4AC0-45B7-AF71-B5F282278493}"
EndProject
Global
	GlobalSection(SolutionConfigurationPlatforms) = preSolution
		Debug|Any CPU = Debug|Any CPU
		Release|Any CPU = Release|Any CPU
	EndGlobalSection
	GlobalSection(ProjectConfigurationPlatforms) = postSolution
		{0E23E081-4AC0-45B7-AF71-B5F282278493}.Debug|Any CPU.ActiveCfg = Debug|Any CPU
		{0E23E081-4AC0-45B7-AF71-B5F282278493}.Debug|Any CPU.Build.0 = Debug|Any CPU
		{0E23E081-4AC0-45B7-AF71-B5F282278493}.Release|Any CPU.ActiveCfg = Release|Any CPU
		{0E23E081-4AC0-45B7-AF71-B5F282278493}.Release|Any CPU.Build.0 = Release|Any CPU
	EndGlobalSection
	GlobalSection(SolutionProperties) = preSolution
		HideSolutionNode = FALSE
	EndGlobalSection
EndGlobal
